{
    "name": "hyper-plugins",
    "version": "0.0.1",
    "lockfileVersion": 1,
    "requires": true,
    "dependencies": {
        "after-all-results": {
            "version": "2.0.0",
            "resolved": "https://registry.npmjs.org/after-all-results/-/after-all-results-2.0.0.tgz",
            "integrity": "sha1-asL8ICtQD4jaj09VMM+hAPTGotA="
        },
        "asap": {
            "version": "2.0.6",
            "resolved": "https://registry.npmjs.org/asap/-/asap-2.0.6.tgz",
            "integrity": "sha1-5QNHYR1+aQlDIIu9r+vLwvuGbUY="
        },
        "base64-js": {
            "version": "1.3.0",
            "resolved": "https://registry.npmjs.org/base64-js/-/base64-js-1.3.0.tgz",
            "integrity": "sha512-ccav/yGvoa80BQDljCxsmmQ3Xvx60/UpBIij5QN21W3wBi/hhIC9OoO+KLpu9IJTS9j4DRVJ3aDDF9cMSoa2lw=="
        },
        "buffer": {
            "version": "5.1.0",
            "resolved": "https://registry.npmjs.org/buffer/-/buffer-5.1.0.tgz",
            "integrity": "sha512-YkIRgwsZwJWTnyQrsBTWefizHh+8GYj3kbL1BTiAQ/9pwpino0G7B2gp5tx/FUBqUlvtxV85KNR3mwfAtv15Yw==",
            "requires": {
                "base64-js": "^1.0.2",
                "ieee754": "^1.1.4"
            }
        },
        "color": {
            "version": "2.0.1",
            "resolved": "https://registry.npmjs.org/color/-/color-2.0.1.tgz",
            "integrity": "sha512-ubUCVVKfT7r2w2D3qtHakj8mbmKms+tThR8gI8zEYCbUBl8/voqFGt3kgBqGwXAopgXybnkuOq+qMYCRrp4cXw==",
            "requires": {
                "color-convert": "^1.9.1",
                "color-string": "^1.5.2"
            }
        },
        "color-convert": {
            "version": "1.9.2",
            "resolved": "https://registry.npmjs.org/color-convert/-/color-convert-1.9.2.tgz",
            "integrity": "sha512-3NUJZdhMhcdPn8vJ9v2UQJoH0qqoGUkYTgFEPZaPjEtwmmKUfNV46zZmgB2M5M4DCEQHMaCfWHCxiBflLm04Tg==",
            "requires": {
                "color-name": "1.1.1"
            }
        },
        "color-name": {
            "version": "1.1.1",
            "resolved": "https://registry.npmjs.org/color-name/-/color-name-1.1.1.tgz",
            "integrity": "sha1-SxQVMEz1ACjqgWQ2Q72C6gWANok="
        },
        "color-string": {
            "version": "1.5.2",
            "resolved": "https://registry.npmjs.org/color-string/-/color-string-1.5.2.tgz",
            "integrity": "sha1-JuRYFLw8mny9Z1FkikFDRRSnc6k=",
            "requires": {
                "color-name": "^1.0.0",
                "simple-swizzle": "^0.2.2"
            }
        },
        "core-js": {
            "version": "1.2.7",
            "resolved": "https://registry.npmjs.org/core-js/-/core-js-1.2.7.tgz",
            "integrity": "sha1-ZSKUwUZR2yj6k70tX/KYOk8IxjY="
        },
        "create-react-class": {
            "version": "15.6.3",
            "resolved": "https://registry.npmjs.org/create-react-class/-/create-react-class-15.6.3.tgz",
            "integrity": "sha512-M+/3Q6E6DLO6Yx3OwrWjwHBnvfXXYA7W+dFjt/ZDBemHO1DDZhsalX/NUtnTYclN6GfnBDRh4qRHjcDHmlJBJg==",
            "requires": {
                "fbjs": "^0.8.9",
                "loose-envify": "^1.3.1",
                "object-assign": "^4.1.1"
            }
        },
        "css-color-keywords": {
            "version": "1.0.0",
            "resolved": "https://registry.npmjs.org/css-color-keywords/-/css-color-keywords-1.0.0.tgz",
            "integrity": "sha1-/qJhbcZ2spYmhrOvjb2+GAskTgU="
        },
        "css-to-react-native": {
            "version": "2.2.0",
            "resolved": "https://registry.npmjs.org/css-to-react-native/-/css-to-react-native-2.2.0.tgz",
            "integrity": "sha512-SWG8+tsVRBHpxn1cSDmx7B95DJCiKwUecBbboGpm2znDCnJDMGkcoYR73w1p2IZMab6iNqVms8VC+4TrSqoFeQ==",
            "requires": {
                "css-color-keywords": "^1.0.0",
                "fbjs": "^0.8.5",
                "postcss-value-parser": "^3.3.0"
            }
        },
        "email-regex": {
            "version": "1.0.0",
            "resolved": "https://registry.npmjs.org/email-regex/-/email-regex-1.0.0.tgz",
            "integrity": "sha1-FsCPH6gxCQcJASdDCmhWJyi9Aps="
        },
        "encoding": {
            "version": "0.1.12",
            "resolved": "https://registry.npmjs.org/encoding/-/encoding-0.1.12.tgz",
            "integrity": "sha1-U4tm8+5izRq1HsMjgp0flIDHS+s=",
            "requires": {
                "iconv-lite": "~0.4.13"
            }
        },
        "escape-html": {
            "version": "1.0.3",
            "resolved": "https://registry.npmjs.org/escape-html/-/escape-html-1.0.3.tgz",
            "integrity": "sha1-Aljq5NPQwJdN4cFpGI7wBR0dGYg="
        },
        "fbjs": {
            "version": "0.8.17",
            "resolved": "https://registry.npmjs.org/fbjs/-/fbjs-0.8.17.tgz",
            "integrity": "sha1-xNWY6taUkRJlPWWIsBpc3Nn5D90=",
            "requires": {
                "core-js": "^1.0.0",
                "isomorphic-fetch": "^2.1.1",
                "loose-envify": "^1.0.0",
                "object-assign": "^4.1.0",
                "promise": "^7.1.1",
                "setimmediate": "^1.0.5",
                "ua-parser-js": "^0.7.18"
            }
        },
        "fuzzaldrin": {
            "version": "2.1.0",
            "resolved": "https://registry.npmjs.org/fuzzaldrin/-/fuzzaldrin-2.1.0.tgz",
            "integrity": "sha1-kCBMPi/appQbso0WZF1BgGOpDps="
        },
        "has-flag": {
            "version": "1.0.0",
            "resolved": "https://registry.npmjs.org/has-flag/-/has-flag-1.0.0.tgz",
            "integrity": "sha1-nZ55MWXOAXoA8AQYxD+UKnsdEfo="
        },
        "hoist-non-react-statics": {
            "version": "1.2.0",
            "resolved": "https://registry.npmjs.org/hoist-non-react-statics/-/hoist-non-react-statics-1.2.0.tgz",
            "integrity": "sha1-qkSM8JhtVcxAdzsXF0t90GbLfPs="
        },
        "hyper-snazzy": {
            "version": "1.3.0",
            "resolved": "https://registry.npmjs.org/hyper-snazzy/-/hyper-snazzy-1.3.0.tgz",
            "integrity": "sha512-rzHTj+Izn2jdTz7KcQWZ6BJqca8V/uxt5yfqEvgVoFz9lOMTkPChvyQJWn/1lsESym+2OIhpwDMmzYimy5Q7hw=="
        },
        "hyper-statusline": {
            "version": "1.7.6",
            "resolved": "https://registry.npmjs.org/hyper-statusline/-/hyper-statusline-1.7.6.tgz",
            "integrity": "sha512-2zYDvIruLCMV4JDGOSa0EKmt9o9VLpkh7QCp6NvnU/ktDcLTbhNMbfMU97PGf6fG0MJ7+tNyTKG+rJpQAjvBTw==",
            "requires": {
                "after-all-results": "^2.0.0",
                "color": "^2.0.0",
                "tildify": "^1.2.0"
            }
        },
        "hyper-tab-icons": {
            "version": "2.1.0",
            "resolved": "https://registry.npmjs.org/hyper-tab-icons/-/hyper-tab-icons-2.1.0.tgz",
            "integrity": "sha512-ZoEavO0A+F7SSIQ5n1BrAU0TNIn4aUUH/bO3QPqqfueeZAQftbuC4MwvVa9yJKxR1tv3U+fr6h2dM1xK1EvpEQ==",
            "requires": {
                "fuzzaldrin": "^2.1.0",
                "prop-types": "^15.5.10",
                "react": "^15.6.1",
                "styled-components": "^2.1.2"
            }
        },
        "hyperlinks": {
            "version": "0.5.0",
            "resolved": "https://registry.npmjs.org/hyperlinks/-/hyperlinks-0.5.0.tgz",
            "integrity": "sha1-4ugk1vUDZT0mv04nNaPbJHQ/TU4=",
            "requires": {
                "email-regex": "1.0.0",
                "escape-html": "1.0.3",
                "ip-regex": "2.0.0",
                "url-regex": "4.0.0"
            }
        },
        "hyperminimal": {
            "version": "0.0.9",
            "resolved": "https://registry.npmjs.org/hyperminimal/-/hyperminimal-0.0.9.tgz",
            "integrity": "sha1-H5n1obZ4xsWg+Gp+uK2ISoGuG48="
        },
        "iconv-lite": {
            "version": "0.4.23",
            "resolved": "https://registry.npmjs.org/iconv-lite/-/iconv-lite-0.4.23.tgz",
            "integrity": "sha512-neyTUVFtahjf0mB3dZT77u+8O0QB89jFdnBkd5P1JgYPbPaia3gXXOVL2fq8VyU2gMMD7SaN7QukTB/pmXYvDA==",
            "requires": {
                "safer-buffer": ">= 2.1.2 < 3"
            }
        },
        "ieee754": {
            "version": "1.1.12",
            "resolved": "https://registry.npmjs.org/ieee754/-/ieee754-1.1.12.tgz",
            "integrity": "sha512-GguP+DRY+pJ3soyIiGPTvdiVXjZ+DbXOxGpXn3eMvNW4x4irjqXm4wHKscC+TfxSJ0yw/S1F24tqdMNsMZTiLA=="
        },
        "ip-regex": {
            "version": "2.0.0",
            "resolved": "https://registry.npmjs.org/ip-regex/-/ip-regex-2.0.0.tgz",
            "integrity": "sha1-kTqS2wI3I9bRo4uHTFQ4kxZbJP8="
        },
        "is-arrayish": {
            "version": "0.3.2",
            "resolved": "https://registry.npmjs.org/is-arrayish/-/is-arrayish-0.3.2.tgz",
            "integrity": "sha512-eVRqCvVlZbuw3GrM63ovNSNAeA1K16kaR/LRY/92w0zxQ5/1YzwblUX652i4Xs9RwAGjW9d9y6X88t8OaAJfWQ=="
        },
        "is-plain-object": {
            "version": "2.0.4",
            "resolved": "https://registry.npmjs.org/is-plain-object/-/is-plain-object-2.0.4.tgz",
            "integrity": "sha512-h5PpgXkWitc38BBMYawTYMWJHFZJVnBquFE57xFpjB8pJFiF6gZ+bU+WyI/yqXiFR5mdLsgYNaPe8uao6Uv9Og==",
            "requires": {
                "isobject": "^3.0.1"
            }
        },
        "is-stream": {
            "version": "1.1.0",
            "resolved": "https://registry.npmjs.org/is-stream/-/is-stream-1.1.0.tgz",
            "integrity": "sha1-EtSj3U5o4Lec6428hBc66A2RykQ="
        },
        "isobject": {
            "version": "3.0.1",
            "resolved": "https://registry.npmjs.org/isobject/-/isobject-3.0.1.tgz",
            "integrity": "sha1-TkMekrEalzFjaqH5yNHMvP2reN8="
        },
        "isomorphic-fetch": {
            "version": "2.2.1",
            "resolved": "https://registry.npmjs.org/isomorphic-fetch/-/isomorphic-fetch-2.2.1.tgz",
            "integrity": "sha1-YRrhrPFPXoH3KVB0coGf6XM1WKk=",
            "requires": {
                "node-fetch": "^1.0.1",
                "whatwg-fetch": ">=0.10.0"
            }
        },
        "js-tokens": {
            "version": "3.0.2",
            "resolved": "https://registry.npmjs.org/js-tokens/-/js-tokens-3.0.2.tgz",
            "integrity": "sha1-mGbfOVECEw449/mWvOtlRDIJwls="
        },
        "loose-envify": {
            "version": "1.3.1",
            "resolved": "https://registry.npmjs.org/loose-envify/-/loose-envify-1.3.1.tgz",
            "integrity": "sha1-0aitM/qc4OcT1l/dCsi3SNR4yEg=",
            "requires": {
                "js-tokens": "^3.0.0"
            }
        },
        "node-fetch": {
            "version": "1.7.3",
            "resolved": "https://registry.npmjs.org/node-fetch/-/node-fetch-1.7.3.tgz",
            "integrity": "sha512-NhZ4CsKx7cYm2vSrBAr2PvFOe6sWDf0UYLRqA6svUYg7+/TSfVAu49jYC4BvQ4Sms9SZgdqGBgroqfDhJdTyKQ==",
            "requires": {
                "encoding": "^0.1.11",
                "is-stream": "^1.0.1"
            }
        },
        "object-assign": {
            "version": "4.1.1",
            "resolved": "https://registry.npmjs.org/object-assign/-/object-assign-4.1.1.tgz",
            "integrity": "sha1-IQmtx5ZYh8/AXLvUQsrIv7s2CGM="
        },
        "os-homedir": {
            "version": "1.0.2",
            "resolved": "https://registry.npmjs.org/os-homedir/-/os-homedir-1.0.2.tgz",
            "integrity": "sha1-/7xJiDNuDoM94MFox+8VISGqf7M="
        },
        "postcss-value-parser": {
            "version": "3.3.0",
            "resolved": "https://registry.npmjs.org/postcss-value-parser/-/postcss-value-parser-3.3.0.tgz",
            "integrity": "sha1-h/OPnxj3dKSrTIojL1xc6IcqnRU="
        },
        "promise": {
            "version": "7.3.1",
            "resolved": "https://registry.npmjs.org/promise/-/promise-7.3.1.tgz",
            "integrity": "sha512-nolQXZ/4L+bP/UGlkfaIujX9BKxGwmQ9OT4mOt5yvy8iK1h3wqTEJCijzGANTCCl9nWjY41juyAn2K3Q1hLLTg==",
            "requires": {
                "asap": "~2.0.3"
            }
        },
        "prop-types": {
            "version": "15.6.2",
            "resolved": "https://registry.npmjs.org/prop-types/-/prop-types-15.6.2.tgz",
            "integrity": "sha512-3pboPvLiWD7dkI3qf3KbUe6hKFKa52w+AE0VCqECtf+QHAKgOL37tTaNCnuX1nAAQ4ZhyP+kYVKf8rLmJ/feDQ==",
            "requires": {
                "loose-envify": "^1.3.1",
                "object-assign": "^4.1.1"
            }
        },
        "react": {
            "version": "15.6.2",
            "resolved": "https://registry.npmjs.org/react/-/react-15.6.2.tgz",
            "integrity": "sha1-26BDSrQ5z+gvEI8PURZjkIF5qnI=",
            "requires": {
                "create-react-class": "^15.6.0",
                "fbjs": "^0.8.9",
                "loose-envify": "^1.1.0",
                "object-assign": "^4.1.0",
                "prop-types": "^15.5.10"
            }
        },
        "safer-buffer": {
            "version": "2.1.2",
            "resolved": "https://registry.npmjs.org/safer-buffer/-/safer-buffer-2.1.2.tgz",
            "integrity": "sha512-YZo3K82SD7Riyi0E1EQPojLz7kpepnSQI9IyPbHHg1XXXevb5dJI7tpyN2ADxGcQbHG7vcyRHk0cbwqcQriUtg=="
        },
        "setimmediate": {
            "version": "1.0.5",
            "resolved": "https://registry.npmjs.org/setimmediate/-/setimmediate-1.0.5.tgz",
            "integrity": "sha1-KQy7Iy4waULX1+qbg3Mqt4VvgoU="
        },
        "simple-swizzle": {
            "version": "0.2.2",
            "resolved": "https://registry.npmjs.org/simple-swizzle/-/simple-swizzle-0.2.2.tgz",
            "integrity": "sha1-pNprY1/8zMoz9w0Xy5JZLeleVXo=",
            "requires": {
                "is-arrayish": "^0.3.1"
            }
        },
        "styled-components": {
            "version": "2.4.1",
            "resolved": "https://registry.npmjs.org/styled-components/-/styled-components-2.4.1.tgz",
            "integrity": "sha1-ZjvQSF1LarRvlGIQ3APSOY0a3nQ=",
            "requires": {
                "buffer": "^5.0.3",
                "css-to-react-native": "^2.0.3",
                "fbjs": "^0.8.9",
                "hoist-non-react-statics": "^1.2.0",
                "is-plain-object": "^2.0.1",
                "prop-types": "^15.5.4",
                "stylis": "^3.4.0",
                "supports-color": "^3.2.3"
            }
        },
        "stylis": {
            "version": "3.5.1",
            "resolved": "https://registry.npmjs.org/stylis/-/stylis-3.5.1.tgz",
            "integrity": "sha512-yM4PyeHuwhIOUHNJxi1/Mbq8kVLv4AkyE7IYLP/LK0lIFcr3tRa2H1iZlBYKIxOlf+/jruBTe8DdKSyQX9w4OA=="
        },
        "supports-color": {
            "version": "3.2.3",
            "resolved": "https://registry.npmjs.org/supports-color/-/supports-color-3.2.3.tgz",
            "integrity": "sha1-ZawFBLOVQXHYpklGsq48u4pfVPY=",
            "requires": {
                "has-flag": "^1.0.0"
            }
        },
        "tildify": {
            "version": "1.2.0",
            "resolved": "https://registry.npmjs.org/tildify/-/tildify-1.2.0.tgz",
            "integrity": "sha1-3OwD9V3Km3qj5bBPIYF+tW5jWIo=",
            "requires": {
                "os-homedir": "^1.0.0"
            }
        },
        "ua-parser-js": {
            "version": "0.7.18",
            "resolved": "https://registry.npmjs.org/ua-parser-js/-/ua-parser-js-0.7.18.tgz",
            "integrity": "sha512-LtzwHlVHwFGTptfNSgezHp7WUlwiqb0gA9AALRbKaERfxwJoiX0A73QbTToxteIAuIaFshhgIZfqK8s7clqgnA=="
        },
        "url-regex": {
            "version": "4.0.0",
            "resolved": "https://registry.npmjs.org/url-regex/-/url-regex-4.0.0.tgz",
            "integrity": "sha1-60j7rzgPv0yVLHbr0tLOAPm0yjI=",
            "requires": {
                "ip-regex": "^1.0.1"
            },
            "dependencies": {
                "ip-regex": {
                    "version": "1.0.3",
                    "resolved": "https://registry.npmjs.org/ip-regex/-/ip-regex-1.0.3.tgz",
                    "integrity": "sha1-3FiQdvZZ9BnCIgOaMzFvHHOH7/0="
                }
            }
        },
        "whatwg-fetch": {
            "version": "2.0.4",
            "resolved": "https://registry.npmjs.org/whatwg-fetch/-/whatwg-fetch-2.0.4.tgz",
            "integrity": "sha512-dcQ1GWpOD/eEQ97k66aiEVpNnapVj90/+R+SXTPYGHpYBBypfKJEQjLrvMZ7YXbKm21gXd4NcuxUTjiv1YtLng=="
        }
    }
}
